lockfileVersion: '9.0'

settings:
  autoInstallPeers: true
  excludeLinksFromLockfile: false

importers:

  .:
    devDependencies:
      '@types/node':
        specifier: ^22.15.21
        version: 22.19.19
      solc:
        specifier: 0.8.30
        version: 0.8.30
      typescript:
        specifier: ^5.8.3
        version: 5.9.3

  packages/chain: {}

  packages/cli:
    dependencies:
      '@hallow/core':
        specifier: workspace:*
        version: link:../core
      '@hallow/models':
        specifier: workspace:*
        version: link:../models
      '@hallow/runtime':
        specifier: workspace:*
        version: link:../runtime

  packages/core:
    dependencies:
      yaml:
        specifier: ^2.7.1
        version: 2.9.0

  packages/models:
    dependencies:
      '@hallow/core':
        specifier: workspace:*
        version: link:../core

  packages/runtime:
    dependencies:
      '@hallow/chain':
        specifier: workspace:*
        version: link:../chain
      '@hallow/core':
        specifier: workspace:*
        version: link:../core
      '@hallow/models':
        specifier: workspace:*
        version: link:../models

packages:

  '@types/node@22.19.19':
    resolution: {integrity: sha512-dyh/xO2Fh5bYrfWaaqGrRQQGkNdmYw6AmaAUvYeUMNTWQtvb796ikLdmTchRmOlOiIJ1TDXfWgVx1QkUlQ6Hew==}

  command-exists@1.2.9:
    resolution: {integrity: sha512-LTQ/SGc+s0Xc0Fu5WaKnR0YiygZkm9eKFvyS+fRsU7/ZWFF8ykFM6Pc9aCVf1+xasOOZpO3BAVgVrKvsqKHV7w==}

  commander@8.3.0:
    resolution: {integrity: sha512-OkTL9umf+He2DZkUq8f8J9of7yL6RJKI24dVITBmNfZBmri9zYZQrKkuXiKhyfPSu8tUhnVBB1iKXevvnlR4Ww==}
    engines: {node: '>= 12'}

  follow-redirects@1.16.0:
    resolution: {integrity: sha512-y5rN/uOsadFT/JfYwhxRS5R7Qce+g3zG97+JrtFZlC9klX/W5hD7iiLzScI4nZqUS7DNUdhPgw4xI8W2LuXlUw==}
    engines: {node: '>=4.0'}
    peerDependencies:
      debug: '*'
    peerDependenciesMeta:
      debug:
        optional: true

  js-sha3@0.8.0:
    resolution: {integrity: sha512-gF1cRrHhIzNfToc802P800N8PpXS+evLLXfsVpowqmAFR9uwbi89WvXg2QspOmXL8QL86J4T1EpFu+yUkwJY3Q==}

  memorystream@0.3.1:
    resolution: {integrity: sha512-S3UwM3yj5mtUSEfP41UZmt/0SCoVYUcU1rkXv+BQ5Ig8ndL4sPoJNBUJERafdPb5jjHJGuMgytgKvKIf58XNBw==}
    engines: {node: '>= 0.10.0'}

  os-tmpdir@1.0.2:
    resolution: {integrity: sha512-D2FR03Vir7FIu45XBY20mTb+/ZSWB00sjU9jdQXt83gDrI4Ztz5Fs7/yy74g2N5SVQY4xY1qDr4rNddwYRVX0g==}
    engines: {node: '>=0.10.0'}

  semver@5.7.2:
    resolution: {integrity: sha512-cBznnQ9KjJqU67B52RMC65CMarK2600WFnbkcaiwWq3xy/5haFJlshgnpjovMVJ+Hff49d8GEn0b87C5pDQ10g==}
    hasBin: true

  solc@0.8.30:
    resolution: {integrity: sha512-9Srk/gndtBmoUbg4CE6ypAzPQlElv8ntbnl6SigUBAzgXKn35v87sj04uZeoZWjtDkdzT0qKFcIo/wl63UMxdw==}
    engines: {node: '>=12.0.0'}
    hasBin: true

  tmp@0.0.33:
    resolution: {integrity: sha512-jRCJlojKnZ3addtTOjdIqoRuPEKBvNXcGYqzO6zWZX8KfKEpnGY5jfggJQ3EjKuu8D4bJRr0y+cYJFmYbImXGw==}
    engines: {node: '>=0.6.0'}

  typescript@5.9.3:
    resolution: {integrity: sha512-jl1vZzPDinLr9eUt3J/t7V6FgNEw9QjvBPdysz9KfQDD41fQrC2Y4vKQdiaUpFT4bXlb1RHhLpp8wtm6M5TgSw==}
    engines: {node: '>=14.17'}
    hasBin: true

  undici-types@6.21.0:
    resolution: {integrity: sha512-iwDZqg0QAGrg9Rav5H4n0M64c3mkR59cJ6wQp+7C4nI0gsmExaedaYLNO44eT4AtBBwjbTiGPMlt2Md0T9H9JQ==}

  yaml@2.9.0:
    resolution: {integrity: sha512-2AvhNX3mb8zd6Zy7INTtSpl1F15HW6Wnqj0srWlkKLcpYl/gMIMJiyuGq2KeI2YFxUPjdlB+3Lc10seMLtL4cA==}
    engines: {node: '>= 14.6'}
    hasBin: true

snapshots:

  '@types/node@22.19.19':
    dependencies:
      undici-types: 6.21.0

  command-exists@1.2.9: {}

  commander@8.3.0: {}

  follow-redirects@1.16.0: {}

  js-sha3@0.8.0: {}

  memorystream@0.3.1: {}

  os-tmpdir@1.0.2: {}

  semver@5.7.2: {}

  solc@0.8.30:
    dependencies:
      command-exists: 1.2.9
      commander: 8.3.0
      follow-redirects: 1.16.0
      js-sha3: 0.8.0
      memorystream: 0.3.1
      semver: 5.7.2
      tmp: 0.0.33
    transitivePeerDependencies:
      - debug

  tmp@0.0.33:
    dependencies:
      os-tmpdir: 1.0.2

  typescript@5.9.3: {}

  undici-types@6.21.0: {}

  yaml@2.9.0: {}
